
Microsoft Visual Studio Solution File, Format Version 12.00
# Visual Studio Version 16
VisualStudioVersion = 25.0.1704.2
MinimumVisualStudioVersion = 10.0.40219.1
Project("{FAE04EC0-301F-11D3-BF4B-00C04F79EFBC}") = "LogicalProgram", "LogicalProgram\LogicalProgram.csproj", "{610115CE-3991-42BF-B225-B9B17C6DD018}"
EndProject
Global
	GlobalSection(SolutionConfigurationPlatforms) = preSolution
		Debug|Any CPU = Debug|Any CPU
		Release|Any CPU = Release|Any CPU
	EndGlobalSection
	GlobalSection(ProjectConfigurationPlatforms) = postSolution
		{610115CE-3991-42BF-B225-B9B17C6DD018}.Debug|Any CPU.ActiveCfg = Debug|Any CPU
		{610115CE-3991-42BF-B225-B9B17C6DD018}.Debug|Any CPU.Build.0 = Debug|Any CPU
		{610115CE-3991-42BF-B225-B9B17C6DD018}.Release|Any CPU.ActiveCfg = Release|Any CPU
		{610115CE-3991-42BF-B225-B9B17C6DD018}.Release|Any CPU.Build.0 = Release|Any CPU
	EndGlobalSection
	GlobalSection(SolutionProperties) = preSolution
		HideSolutionNode = FALSE
	EndGlobalSection
	GlobalSection(ExtensibilityGlobals) = postSolution
		SolutionGuid = {30C91692-5C9D-4A24-A533-E6FF99BCF544}
	EndGlobalSection
EndGlobal
